// !$*UTF8*$!
{
	archiveVersion = 1;
	classes = {
	};
	objectVersion = 50;
	objects = {

/* Begin PBXBuildFile section */
		A473F8A42539E4C400BEBC52 /* AppDelegate.swift in Sources */ = {isa = PBXBuildFile; fileRef = A473F8A32539E4C400BEBC52 /* AppDelegate.swift */; };
		A473F8A62539E4C400BEBC52 /* SceneDelegate.swift in Sources */ = {isa = PBXBuildFile; fileRef = A473F8A52539E4C400BEBC52 /* SceneDelegate.swift */; };
		A473F8A82539E4C400BEBC52 /* ContentView.swift in Sources */ = {isa = PBXBuildFile; fileRef = A473F8A72539E4C400BEBC52 /* ContentView.swift */; };
		A473F8AA2539E4C500BEBC52 /* Assets.xcassets in Resources */ = {isa = PBXBuildFile; fileRef = A473F8A92539E4C500BEBC52 /* Assets.xcassets */; };
		A473F8AD2539E4C500BEBC52 /* Preview Assets.xcassets in Resources */ = {isa = PBXBuildFile; fileRef = A473F8AC2539E4C500BEBC52 /* Preview Assets.xcassets */; };
		A473F8B02539E4C500BEBC52 /* LaunchScreen.storyboard in Resources */ = {isa = PBXBuildFile; fileRef = A473F8AE2539E4C500BEBC52 /* LaunchScreen.storyboard */; };
		A473F8C32539E62C00BEBC52 /* CoinService.swift in Sources */ = {isa = PBXBuildFile; fileRef = A473F8C22539E62C00BEBC52 /* CoinService.swift */; };
		A473F8C72539E99D00BEBC52 /* CoinResponse.swift in Sources */ = {isa = PBXBuildFile; fileRef = A473F8C62539E99D00BEBC52 /* CoinResponse.swift */; };
		A473F8CA2539E9B500BEBC52 /* CoinData.swift in Sources */ = {isa = PBXBuildFile; fileRef = A473F8C92539E9B500BEBC52 /* CoinData.swift */; };
		A473F8CD2539E9C800BEBC52 /* Coin.swift in Sources */ = {isa = PBXBuildFile; fileRef = A473F8CC2539E9C800BEBC52 /* Coin.swift */; };
		A473F8D02539EC1800BEBC52 /* CoinViewModel.swift in Sources */ = {isa = PBXBuildFile; fileRef = A473F8CF2539EC1800BEBC52 /* CoinViewModel.swift */; };
		A473F8D32539EC2500BEBC52 /* CoinListViewModel.swift in Sources */ = {isa = PBXBuildFile; fileRef = A473F8D22539EC2500BEBC52 /* CoinListViewModel.swift */; };
		A473F8D62539EDA700BEBC52 /* Color+Extension.swift in Sources */ = {isa = PBXBuildFile; fileRef = A473F8D52539EDA700BEBC52 /* Color+Extension.swift */; };
		A473F8D92539F05E00BEBC52 /* Double+Extension.swift in Sources */ = {isa = PBXBuildFile; fileRef = A473F8D82539F05E00BEBC52 /* Double+Extension.swift */; };
/* End PBXBuildFile section */

/* Begin PBXFileReference section */
		A473F8A02539E4C400BEBC52 /* Coin Tracker.app */ = {isa = PBXFileReference; explicitFileType = wrapper.application; includeInIndex = 0; path = "Coin Tracker.app"; sourceTree = BUILT_PRODUCTS_DIR; };
		A473F8A32539E4C400BEBC52 /* AppDelegate.swift */ = {isa = PBXFileReference; lastKnownFileType = sourcecode.swift; path = AppDelegate.swift; sourceTree = "<group>"; };
		A473F8A52539E4C400BEBC52 /* SceneDelegate.swift */ = {isa = PBXFileReference; lastKnownFileType = sourcecode.swift; path = SceneDelegate.swift; sourceTree = "<group>"; };
		A473F8A72539E4C400BEBC52 /* ContentView.swift */ = {isa = PBXFileReference; lastKnownFileType = sourcecode.swift; path = ContentView.swift; sourceTree = "<group>"; };
		A473F8A92539E4C500BEBC52 /* Assets.xcassets */ = {isa = PBXFileReference; lastKnownFileType = folder.assetcatalog; path = Assets.xcassets; sourceTree = "<group>"; };
		A473F8AC2539E4C500BEBC52 /* Preview Assets.xcassets */ = {isa = PBXFileReference; lastKnownFileType = folder.assetcatalog; path = "Preview Assets.xcassets"; sourceTree = "<group>"; };
		A473F8AF2539E4C500BEBC52 /* Base */ = {isa = PBXFileReference; lastKnownFileType = file.storyboard; name = Base; path = Base.lproj/LaunchScreen.storyboard; sourceTree = "<group>"; };
		A473F8B12539E4C500BEBC52 /* Info.plist */ = {isa = PBXFileReference; lastKnownFileType = text.plist.xml; path = Info.plist; sourceTree = "<group>"; };
		A473F8C22539E62C00BEBC52 /* CoinService.swift */ = {isa = PBXFileReference; lastKnownFileType = sourcecode.swift; path = CoinService.swift; sourceTree = "<group>"; };
		A473F8C62539E99D00BEBC52 /* CoinResponse.swift */ = {isa = PBXFileReference; lastKnownFileType = sourcecode.swift; path = CoinResponse.swift; sourceTree = "<group>"; };
		A473F8C92539E9B500BEBC52 /* CoinData.swift */ = {isa = PBXFileReference; lastKnownFileType = sourcecode.swift; path = CoinData.swift; sourceTree = "<group>"; };
		A473F8CC2539E9C800BEBC52 /* Coin.swift */ = {isa = PBXFileReference; lastKnownFileType = sourcecode.swift; path = Coin.swift; sourceTree = "<group>"; };
		A473F8CF2539EC1800BEBC52 /* CoinViewModel.swift */ = {isa = PBXFileReference; lastKnownFileType = sourcecode.swift; path = CoinViewModel.swift; sourceTree = "<group>"; };
		A473F8D22539EC2500BEBC52 /* CoinListViewModel.swift */ = {isa = PBXFileReference; lastKnownFileType = sourcecode.swift; path = CoinListViewModel.swift; sourceTree = "<group>"; };
		A473F8D52539EDA700BEBC52 /* Color+Extension.swift */ = {isa = PBXFileReference; lastKnownFileType = sourcecode.swift; path = "Color+Extension.swift"; sourceTree = "<group>"; };
		A473F8D82539F05E00BEBC52 /* Double+Extension.swift */ = {isa = PBXFileReference; lastKnownFileType = sourcecode.swift; path = "Double+Extension.swift"; sourceTree = "<group>"; };
/* End PBXFileReference section */

/* Begin PBXFrameworksBuildPhase section */
		A473F89D2539E4C400BEBC52 /* Frameworks */ = {
			isa = PBXFrameworksBuildPhase;
			buildActionMask = 2147483647;
			files = (
			);
			runOnlyForDeploymentPostprocessing = 0;
		};
/* End PBXFrameworksBuildPhase section */

/* Begin PBXGroup section */
		A473F8972539E4C400BEBC52 = {
			isa = PBXGroup;
			children = (
				A473F8A22539E4C400BEBC52 /* Coin Tracker */,
				A473F8A12539E4C400BEBC52 /* Products */,
			);
			sourceTree = "<group>";
		};
		A473F8A12539E4C400BEBC52 /* Products */ = {
			isa = PBXGroup;
			children = (
				A473F8A02539E4C400BEBC52 /* Coin Tracker.app */,
			);
			name = Products;
			sourceTree = "<group>";
		};
		A473F8A22539E4C400BEBC52 /* Coin Tracker */ = {
			isa = PBXGroup;
			children = (
				A473F8B92539E51000BEBC52 /* App */,
				A473F8BC2539E54A00BEBC52 /* Views */,
				A473F8BE2539E55D00BEBC52 /* ViewModels */,
				A473F8BD2539E55700BEBC52 /* Models */,
				A473F8C12539E58100BEBC52 /* Controls */,
				A473F8BF2539E56500BEBC52 /* Services */,
				A473F8C02539E57C00BEBC52 /* Extensions */,
			);
			path = "Coin Tracker";
			sourceTree = "<group>";
		};
		A473F8AB2539E4C500BEBC52 /* Preview Content */ = {
			isa = PBXGroup;
			children = (
				A473F8AC2539E4C500BEBC52 /* Preview Assets.xcassets */,
			);
			path = "Preview Content";
			sourceTree = "<group>";
		};
		A473F8B92539E51000BEBC52 /* App */ = {
			isa = PBXGroup;
			children = (
				A473F8A32539E4C400BEBC52 /* AppDelegate.swift */,
				A473F8A52539E4C400BEBC52 /* SceneDelegate.swift */,
				A473F8A92539E4C500BEBC52 /* Assets.xcassets */,
				A473F8AE2539E4C500BEBC52 /* LaunchScreen.storyboard */,
				A473F8B12539E4C500BEBC52 /* Info.plist */,
				A473F8AB2539E4C500BEBC52 /* Preview Content */,
			);
			name = App;
			sourceTree = "<group>";
		};
		A473F8BC2539E54A00BEBC52 /* Views */ = {
			isa = PBXGroup;
			children = (
				A473F8A72539E4C400BEBC52 /* ContentView.swift */,
			);
			name = Views;
			sourceTree = "<group>";
		};
		A473F8BD2539E55700BEBC52 /* Models */ = {
			isa = PBXGroup;
			children = (
				A473F8C62539E99D00BEBC52 /* CoinResponse.swift */,
				A473F8C92539E9B500BEBC52 /* CoinData.swift */,
				A473F8CC2539E9C800BEBC52 /* Coin.swift */,
			);
			name = Models;
			sourceTree = "<group>";
		};
		A473F8BE2539E55D00BEBC52 /* ViewModels */ = {
			isa = PBXGroup;
			children = (
				A473F8CF2539EC1800BEBC52 /* CoinViewModel.swift */,
				A473F8D22539EC2500BEBC52 /* CoinListViewModel.swift */,
			);
			name = ViewModels;
			sourceTree = "<group>";
		};
		A473F8BF2539E56500BEBC52 /* Services */ = {
			isa = PBXGroup;
			children = (
				A473F8C22539E62C00BEBC52 /* CoinService.swift */,
			);
			name = Services;
			sourceTree = "<group>";
		};
		A473F8C02539E57C00BEBC52 /* Extensions */ = {
			isa = PBXGroup;
			children = (
				A473F8D52539EDA700BEBC52 /* Color+Extension.swift */,
				A473F8D82539F05E00BEBC52 /* Double+Extension.swift */,
			);
			name = Extensions;
			sourceTree = "<group>";
		};
		A473F8C12539E58100BEBC52 /* Controls */ = {
			isa = PBXGroup;
			children = (
			);
			name = Controls;
			sourceTree = "<group>";
		};
/* End PBXGroup section */

/* Begin PBXNativeTarget section */
		A473F89F2539E4C400BEBC52 /* Coin Tracker */ = {
			isa = PBXNativeTarget;
			buildConfigurationList = A473F8B42539E4C500BEBC52 /* Build configuration list for PBXNativeTarget "Coin Tracker" */;
			buildPhases = (
				A473F89C2539E4C400BEBC52 /* Sources */,
				A473F89D2539E4C400BEBC52 /* Frameworks */,
				A473F89E2539E4C400BEBC52 /* Resources */,
			);
			buildRules = (
			);
			dependencies = (
			);
			name = "Coin Tracker";
			productName = "Coin Tracker";
			productReference = A473F8A02539E4C400BEBC52 /* Coin Tracker.app */;
			productType = "com.apple.product-type.application";
		};
/* End PBXNativeTarget section */

/* Begin PBXProject section */
		A473F8982539E4C400BEBC52 /* Project object */ = {
			isa = PBXProject;
			attributes = {
				LastSwiftUpdateCheck = 1200;
				LastUpgradeCheck = 1200;
				TargetAttributes = {
					A473F89F2539E4C400BEBC52 = {
						CreatedOnToolsVersion = 12.0.1;
					};
				};
			};
			buildConfigurationList = A473F89B2539E4C400BEBC52 /* Build configuration list for PBXProject "Coin Tracker" */;
			compatibilityVersion = "Xcode 9.3";
			developmentRegion = en;
			hasScannedForEncodings = 0;
			knownRegions = (
				en,
				Base,
			);
			mainGroup = A473F8972539E4C400BEBC52;
			productRefGroup = A473F8A12539E4C400BEBC52 /* Products */;
			projectDirPath = "";
			projectRoot = "";
			targets = (
				A473F89F2539E4C400BEBC52 /* Coin Tracker */,
			);
		};
/* End PBXProject section */

/* Begin PBXResourcesBuildPhase section */
		A473F89E2539E4C400BEBC52 /* Resources */ = {
			isa = PBXResourcesBuildPhase;
			buildActionMask = 2147483647;
			files = (
				A473F8B02539E4C500BEBC52 /* LaunchScreen.storyboard in Resources */,
				A473F8AD2539E4C500BEBC52 /* Preview Assets.xcassets in Resources */,
				A473F8AA2539E4C500BEBC52 /* Assets.xcassets in Resources */,
			);
			runOnlyForDeploymentPostprocessing = 0;
		};
/* End PBXResourcesBuildPhase section */

/* Begin PBXSourcesBuildPhase section */
		A473F89C2539E4C400BEBC52 /* Sources */ = {
			isa = PBXSourcesBuildPhase;
			buildActionMask = 2147483647;
			files = (
				A473F8D32539EC2500BEBC52 /* CoinListViewModel.swift in Sources */,
				A473F8D62539EDA700BEBC52 /* Color+Extension.swift in Sources */,
				A473F8CA2539E9B500BEBC52 /* CoinData.swift in Sources */,
				A473F8A42539E4C400BEBC52 /* AppDelegate.swift in Sources */,
				A473F8A62539E4C400BEBC52 /* SceneDelegate.swift in Sources */,
				A473F8D92539F05E00BEBC52 /* Double+Extension.swift in Sources */,
				A473F8D02539EC1800BEBC52 /* CoinViewModel.swift in Sources */,
				A473F8C32539E62C00BEBC52 /* CoinService.swift in Sources */,
				A473F8A82539E4C400BEBC52 /* ContentView.swift in Sources */,
				A473F8C72539E99D00BEBC52 /* CoinResponse.swift in Sources */,
				A473F8CD2539E9C800BEBC52 /* Coin.swift in Sources */,
			);
			runOnlyForDeploymentPostprocessing = 0;
		};
/* End PBXSourcesBuildPhase section */

/* Begin PBXVariantGroup section */
		A473F8AE2539E4C500BEBC52 /* LaunchScreen.storyboard */ = {
			isa = PBXVariantGroup;
			children = (
				A473F8AF2539E4C500BEBC52 /* Base */,
			);
			name = LaunchScreen.storyboard;
			sourceTree = "<group>";
		};
/* End PBXVariantGroup section */

/* Begin XCBuildConfiguration section */
		A473F8B22539E4C500BEBC52 /* Debug */ = {
			isa = XCBuildConfiguration;
			buildSettings = {
				ALWAYS_SEARCH_USER_PATHS = NO;
				CLANG_ANALYZER_NONNULL = YES;
				CLANG_ANALYZER_NUMBER_OBJECT_CONVERSION = YES_AGGRESSIVE;
				CLANG_CXX_LANGUAGE_STANDARD = "gnu++14";
				CLANG_CXX_LIBRARY = "libc++";
				CLANG_ENABLE_MODULES = YES;
				CLANG_ENABLE_OBJC_ARC = YES;
				CLANG_ENABLE_OBJC_WEAK = YES;
				CLANG_WARN_BLOCK_CAPTURE_AUTORELEASING = YES;
				CLANG_WARN_BOOL_CONVERSION = YES;
				CLANG_WARN_COMMA = YES;
				CLANG_WARN_CONSTANT_CONVERSION = YES;
				CLANG_WARN_DEPRECATED_OBJC_IMPLEMENTATIONS = YES;
				CLANG_WARN_DIRECT_OBJC_ISA_USAGE = YES_ERROR;
				CLANG_WARN_DOCUMENTATION_COMMENTS = YES;
				CLANG_WARN_EMPTY_BODY = YES;
				CLANG_WARN_ENUM_CONVERSION = YES;
				CLANG_WARN_INFINITE_RECURSION = YES;
				CLANG_WARN_INT_CONVERSION = YES;
				CLANG_WARN_NON_LITERAL_NULL_CONVERSION = YES;
				CLANG_WARN_OBJC_IMPLICIT_RETAIN_SELF = YES;
				CLANG_WARN_OBJC_LITERAL_CONVERSION = YES;
				CLANG_WARN_OBJC_ROOT_CLASS = YES_ERROR;
				CLANG_WARN_QUOTED_INCLUDE_IN_FRAMEWORK_HEADER = YES;
				CLANG_WARN_RANGE_LOOP_ANALYSIS = YES;
				CLANG_WARN_STRICT_PROTOTYPES = YES;
				CLANG_WARN_SUSPICIOUS_MOVE = YES;
				CLANG_WARN_UNGUARDED_AVAILABILITY = YES_AGGRESSIVE;
				CLANG_WARN_UNREACHABLE_CODE = YES;
				CLANG_WARN__DUPLICATE_METHOD_MATCH = YES;
				COPY_PHASE_STRIP = NO;
				DEBUG_INFORMATION_FORMAT = dwarf;
				ENABLE_STRICT_OBJC_MSGSEND = YES;
				ENABLE_TESTABILITY = YES;
				GCC_C_LANGUAGE_STANDARD = gnu11;
				GCC_DYNAMIC_NO_PIC = NO;
				GCC_NO_COMMON_BLOCKS = YES;
				GCC_OPTIMIZATION_LEVEL = 0;
				GCC_PREPROCESSOR_DEFINITIONS = (
					"DEBUG=1",
					"$(inherited)",
				);
				GCC_WARN_64_TO_32_BIT_CONVERSION = YES;
				GCC_WARN_ABOUT_RETURN_TYPE = YES_ERROR;
				GCC_WARN_UNDECLARED_SELECTOR = YES;
				GCC_WARN_UNINITIALIZED_AUTOS = YES_AGGRESSIVE;
				GCC_WARN_UNUSED_FUNCTION = YES;
				GCC_WARN_UNUSED_VARIABLE = YES;
				IPHONEOS_DEPLOYMENT_TARGET = 14.0;
				MTL_ENABLE_DEBUG_INFO = INCLUDE_SOURCE;
				MTL_FAST_MATH = YES;
				ONLY_ACTIVE_ARCH = YES;
				SDKROOT = iphoneos;
				SWIFT_ACTIVE_COMPILATION_CONDITIONS = DEBUG;
				SWIFT_OPTIMIZATION_LEVEL = "-Onone";
			};
			name = Debug;
		};
		A473F8B32539E4C500BEBC52 /* Release */ = {
			isa = XCBuildConfiguration;
			buildSettings = {
				ALWAYS_SEARCH_USER_PATHS = NO;
				CLANG_ANALYZER_NONNULL = YES;
				CLANG_ANALYZER_NUMBER_OBJECT_CONVERSION = YES_AGGRESSIVE;
				CLANG_CXX_LANGUAGE_STANDARD = "gnu++14";
				CLANG_CXX_LIBRARY = "libc++";
				CLANG_ENABLE_MODULES = YES;
				CLANG_ENABLE_OBJC_ARC = YES;
				CLANG_ENABLE_OBJC_WEAK = YES;
				CLANG_WARN_BLOCK_CAPTURE_AUTORELEASING = YES;
				CLANG_WARN_BOOL_CONVERSION = YES;
				CLANG_WARN_COMMA = YES;
				CLANG_WARN_CONSTANT_CONVERSION = YES;
				CLANG_WARN_DEPRECATED_OBJC_IMPLEMENTATIONS = YES;
				CLANG_WARN_DIRECT_OBJC_ISA_USAGE = YES_ERROR;
				CLANG_WARN_DOCUMENTATION_COMMENTS = YES;
				CLANG_WARN_EMPTY_BODY = YES;
				CLANG_WARN_ENUM_CONVERSION = YES;
				CLANG_WARN_INFINITE_RECURSION = YES;
				CLANG_WARN_INT_CONVERSION = YES;
				CLANG_WARN_NON_LITERAL_NULL_CONVERSION = YES;
				CLANG_WARN_OBJC_IMPLICIT_RETAIN_SELF = YES;
				CLANG_WARN_OBJC_LITERAL_CONVERSION = YES;
				CLANG_WARN_OBJC_ROOT_CLASS = YES_ERROR;
				CLANG_WARN_QUOTED_INCLUDE_IN_FRAMEWORK_HEADER = YES;
				CLANG_WARN_RANGE_LOOP_ANALYSIS = YES;
				CLANG_WARN_STRICT_PROTOTYPES = YES;
				CLANG_WARN_SUSPICIOUS_MOVE = YES;
				CLANG_WARN_UNGUARDED_AVAILABILITY = YES_AGGRESSIVE;
				CLANG_WARN_UNREACHABLE_CODE = YES;
				CLANG_WARN__DUPLICATE_METHOD_MATCH = YES;
				COPY_PHASE_STRIP = NO;
				DEBUG_INFORMATION_FORMAT = "dwarf-with-dsym";
				ENABLE_NS_ASSERTIONS = NO;
				ENABLE_STRICT_OBJC_MSGSEND = YES;
				GCC_C_LANGUAGE_STANDARD = gnu11;
				GCC_NO_COMMON_BLOCKS = YES;
				GCC_WARN_64_TO_32_BIT_CONVERSION = YES;
				GCC_WARN_ABOUT_RETURN_TYPE = YES_ERROR;
				GCC_WARN_UNDECLARED_SELECTOR = YES;
				GCC_WARN_UNINITIALIZED_AUTOS = YES_AGGRESSIVE;
				GCC_WARN_UNUSED_FUNCTION = YES;
				GCC_WARN_UNUSED_VARIABLE = YES;
				IPHONEOS_DEPLOYMENT_TARGET = 14.0;
				MTL_ENABLE_DEBUG_INFO = NO;
				MTL_FAST_MATH = YES;
				SDKROOT = iphoneos;
				SWIFT_COMPILATION_MODE = wholemodule;
				SWIFT_OPTIMIZATION_LEVEL = "-O";
				VALIDATE_PRODUCT = YES;
			};
			name = Release;
		};
		A473F8B52539E4C500BEBC52 /* Debug */ = {
			isa = XCBuildConfiguration;
			buildSettings = {
				ASSETCATALOG_COMPILER_APPICON_NAME = AppIcon;
				ASSETCATALOG_COMPILER_GLOBAL_ACCENT_COLOR_NAME = AccentColor;
				CODE_SIGN_STYLE = Automatic;
				DEVELOPMENT_ASSET_PATHS = "\"Coin Tracker/Preview Content\"";
				DEVELOPMENT_TEAM = 6U769Q36UT;
				ENABLE_PREVIEWS = YES;
				INFOPLIST_FILE = "Coin Tracker/Info.plist";
				LD_RUNPATH_SEARCH_PATHS = (
					"$(inherited)",
					"@executable_path/Frameworks",
				);
				PRODUCT_BUNDLE_IDENTIFIER = "net.aaronLab.Coin-Tracker";
				PRODUCT_NAME = "$(TARGET_NAME)";
				SWIFT_VERSION = 5.0;
				TARGETED_DEVICE_FAMILY = "1,2";
			};
			name = Debug;
		};
		A473F8B62539E4C500BEBC52 /* Release */ = {
			isa = XCBuildConfiguration;
			buildSettings = {
				ASSETCATALOG_COMPILER_APPICON_NAME = AppIcon;
				ASSETCATALOG_COMPILER_GLOBAL_ACCENT_COLOR_NAME = AccentColor;
				CODE_SIGN_STYLE = Automatic;
				DEVELOPMENT_ASSET_PATHS = "\"Coin Tracker/Preview Content\"";
				DEVELOPMENT_TEAM = 6U769Q36UT;
				ENABLE_PREVIEWS = YES;
				INFOPLIST_FILE = "Coin Tracker/Info.plist";
				LD_RUNPATH_SEARCH_PATHS = (
					"$(inherited)",
					"@executable_path/Frameworks",
				);
				PRODUCT_BUNDLE_IDENTIFIER = "net.aaronLab.Coin-Tracker";
				PRODUCT_NAME = "$(TARGET_NAME)";
				SWIFT_VERSION = 5.0;
				TARGETED_DEVICE_FAMILY = "1,2";
			};
			name = Release;
		};
/* End XCBuildConfiguration section */

/* Begin XCConfigurationList section */
		A473F89B2539E4C400BEBC52 /* Build configuration list for PBXProject "Coin Tracker" */ = {
			isa = XCConfigurationList;
			buildConfigurations = (
				A473F8B22539E4C500BEBC52 /* Debug */,
				A473F8B32539E4C500BEBC52 /* Release */,
			);
			defaultConfigurationIsVisible = 0;
			defaultConfigurationName = Release;
		};
		A473F8B42539E4C500BEBC52 /* Build configuration list for PBXNativeTarget "Coin Tracker" */ = {
			isa = XCConfigurationList;
			buildConfigurations = (
				A473F8B52539E4C500BEBC52 /* Debug */,
				A473F8B62539E4C500BEBC52 /* Release */,
			);
			defaultConfigurationIsVisible = 0;
			defaultConfigurationName = Release;
		};
/* End XCConfigurationList section */
	};
	rootObject = A473F8982539E4C400BEBC52 /* Project object */;
}
